
Microsoft Visual Studio Solution File, Format Version 12.00
# Visual Studio 15
VisualStudioVersion = 15.0.27428.2015
MinimumVisualStudioVersion = 10.0.40219.1
Project("{FAE04EC0-301F-11D3-BF4B-00C04F79EFBC}") = "GitDemo", "GitDemo\GitDemo.csproj", "{5C7B4476-D337-43BE-91F2-81E38591B96A}"
EndProject
Global
	GlobalSection(SolutionConfigurationPlatforms) = preSolution
		Debug|Any CPU = Debug|Any CPU
		Release|Any CPU = Release|Any CPU
	EndGlobalSection
	GlobalSection(ProjectConfigurationPlatforms) = postSolution
		{5C7B4476-D337-43BE-91F2-81E38591B96A}.Debug|Any CPU.ActiveCfg = Debug|Any CPU
		{5C7B4476-D337-43BE-91F2-81E38591B96A}.Debug|Any CPU.Build.0 = Debug|Any CPU
		{5C7B4476-D337-43BE-91F2-81E38591B96A}.Release|Any CPU.ActiveCfg = Release|Any CPU
		{5C7B4476-D337-43BE-91F2-81E38591B96A}.Release|Any CPU.Build.0 = Release|Any CPU
	EndGlobalSection
	GlobalSection(SolutionProperties) = preSolution
		HideSolutionNode = FALSE
	EndGlobalSection
	GlobalSection(ExtensibilityGlobals) = postSolution
		SolutionGuid = {6437240E-BD2D-43B9-9490-9B657F2C9359}
	EndGlobalSection
EndGlobal
